
Microsoft Visual Studio Solution File, Format Version 12.00
# Visual Studio 15
VisualStudioVersion = 15.0.28307.421
MinimumVisualStudioVersion = 10.0.40219.1
Project("{FAE04EC0-301F-11D3-BF4B-00C04F79EFBC}") = "Caballero", "Caballero\Caballero.csproj", "{5A84BA09-2FE7-487F-9B75-F4E02E37EDF9}"
EndProject
Global
	GlobalSection(SolutionConfigurationPlatforms) = preSolution
		Debug|Any CPU = Debug|Any CPU
		Release|Any CPU = Release|Any CPU
	EndGlobalSection
	GlobalSection(ProjectConfigurationPlatforms) = postSolution
		{5A84BA09-2FE7-487F-9B75-F4E02E37EDF9}.Debug|Any CPU.ActiveCfg = Debug|Any CPU
		{5A84BA09-2FE7-487F-9B75-F4E02E37EDF9}.Debug|Any CPU.Build.0 = Debug|Any CPU
		{5A84BA09-2FE7-487F-9B75-F4E02E37EDF9}.Release|Any CPU.ActiveCfg = Release|Any CPU
		{5A84BA09-2FE7-487F-9B75-F4E02E37EDF9}.Release|Any CPU.Build.0 = Release|Any CPU
	EndGlobalSection
	GlobalSection(SolutionProperties) = preSolution
		HideSolutionNode = FALSE
	EndGlobalSection
	GlobalSection(ExtensibilityGlobals) = postSolution
		SolutionGuid = {29078854-706F-4CA4-98BE-3E4D532D1268}
	EndGlobalSection
EndGlobal
